
Microsoft Visual Studio Solution File, Format Version 12.00
# Visual Studio Version 16
VisualStudioVersion = 16.0.31829.152
MinimumVisualStudioVersion = 10.0.40219.1
Project("{9A19103F-16F7-4668-BE54-9A1E7A4F7556}") = "Quest.Api", "Quest.Api\Quest.Api\Quest.Api.csproj", "{880E8F37-CD2B-4A13-8C37-BD42530E6C54}"
EndProject
Project("{FAE04EC0-301F-11D3-BF4B-00C04F79EFBC}") = "Quest.Api.Common", "Quest.Api\Quest.Api.Common\Quest.Api.Common.csproj", "{F7EE162B-AA63-4D05-946B-DF87C513B298}"
EndProject
Project("{FAE04EC0-301F-11D3-BF4B-00C04F79EFBC}") = "Quest.Api.Services", "Quest.Api\Quest.Api.Services\Quest.Api.Services.csproj", "{A86E92FF-948C-46D1-BDCE-1738B670191B}"
EndProject
Global
	GlobalSection(SolutionConfigurationPlatforms) = preSolution
		Debug|Any CPU = Debug|Any CPU
		Release|Any CPU = Release|Any CPU
	EndGlobalSection
	GlobalSection(ProjectConfigurationPlatforms) = postSolution
		{880E8F37-CD2B-4A13-8C37-BD42530E6C54}.Debug|Any CPU.ActiveCfg = Debug|Any CPU
		{880E8F37-CD2B-4A13-8C37-BD42530E6C54}.Debug|Any CPU.Build.0 = Debug|Any CPU
		{880E8F37-CD2B-4A13-8C37-BD42530E6C54}.Release|Any CPU.ActiveCfg = Release|Any CPU
		{880E8F37-CD2B-4A13-8C37-BD42530E6C54}.Release|Any CPU.Build.0 = Release|Any CPU
		{F7EE162B-AA63-4D05-946B-DF87C513B298}.Debug|Any CPU.ActiveCfg = Debug|Any CPU
		{F7EE162B-AA63-4D05-946B-DF87C513B298}.Debug|Any CPU.Build.0 = Debug|Any CPU
		{F7EE162B-AA63-4D05-946B-DF87C513B298}.Release|Any CPU.ActiveCfg = Release|Any CPU
		{F7EE162B-AA63-4D05-946B-DF87C513B298}.Release|Any CPU.Build.0 = Release|Any CPU
		{A86E92FF-948C-46D1-BDCE-1738B670191B}.Debug|Any CPU.ActiveCfg = Debug|Any CPU
		{A86E92FF-948C-46D1-BDCE-1738B670191B}.Debug|Any CPU.Build.0 = Debug|Any CPU
		{A86E92FF-948C-46D1-BDCE-1738B670191B}.Release|Any CPU.ActiveCfg = Release|Any CPU
		{A86E92FF-948C-46D1-BDCE-1738B670191B}.Release|Any CPU.Build.0 = Release|Any CPU
	EndGlobalSection
	GlobalSection(SolutionProperties) = preSolution
		HideSolutionNode = FALSE
	EndGlobalSection
	GlobalSection(ExtensibilityGlobals) = postSolution
		SolutionGuid = {4C3CBF55-793D-46C9-9842-689B3F06B97B}
	EndGlobalSection
EndGlobal
